
Microsoft Visual Studio Solution File, Format Version 12.00
# Visual Studio Version 16
VisualStudioVersion = 16.0.31613.86
MinimumVisualStudioVersion = 10.0.40219.1
Project("{8BC9CEB8-8B4A-11D0-8D11-00A0C91BC942}") = "pf_week_8_lab_ass3_4", "pf_week_8_lab_ass3_4\pf_week_8_lab_ass3_4.vcxproj", "{F44C6833-DD97-478E-9083-28EFEF89C919}"
EndProject
Global
	GlobalSection(SolutionConfigurationPlatforms) = preSolution
		Debug|x64 = Debug|x64
		Debug|x86 = Debug|x86
		Release|x64 = Release|x64
		Release|x86 = Release|x86
	EndGlobalSection
	GlobalSection(ProjectConfigurationPlatforms) = postSolution
		{F44C6833-DD97-478E-9083-28EFEF89C919}.Debug|x64.ActiveCfg = Debug|x64
		{F44C6833-DD97-478E-9083-28EFEF89C919}.Debug|x64.Build.0 = Debug|x64
		{F44C6833-DD97-478E-9083-28EFEF89C919}.Debug|x86.ActiveCfg = Debug|Win32
		{F44C6833-DD97-478E-9083-28EFEF89C919}.Debug|x86.Build.0 = Debug|Win32
		{F44C6833-DD97-478E-9083-28EFEF89C919}.Release|x64.ActiveCfg = Release|x64
		{F44C6833-DD97-478E-9083-28EFEF89C919}.Release|x64.Build.0 = Release|x64
		{F44C6833-DD97-478E-9083-28EFEF89C919}.Release|x86.ActiveCfg = Release|Win32
		{F44C6833-DD97-478E-9083-28EFEF89C919}.Release|x86.Build.0 = Release|Win32
	EndGlobalSection
	GlobalSection(SolutionProperties) = preSolution
		HideSolutionNode = FALSE
	EndGlobalSection
	GlobalSection(ExtensibilityGlobals) = postSolution
		SolutionGuid = {D007D254-716F-4FC9-B379-E93ED135E870}
	EndGlobalSection
EndGlobal
